// !$*UTF8*$!
{
	archiveVersion = 1;
	classes = {
	};
	objectVersion = 46;
	objects = {

/* Begin PBXBuildFile section */
		C02BA9A6373CE6C512A796AF /* libPods-FeedbackLoop.a in Frameworks */ = {isa = PBXBuildFile; fileRef = 359DE61B17ADA252024FB85D /* libPods-FeedbackLoop.a */; };
		CB8316C01B13BEB000AD7195 /* main.m in Sources */ = {isa = PBXBuildFile; fileRef = CB8316BF1B13BEB000AD7195 /* main.m */; };
		CB8316C31B13BEB000AD7195 /* AppDelegate.m in Sources */ = {isa = PBXBuildFile; fileRef = CB8316C21B13BEB000AD7195 /* AppDelegate.m */; };
		CB8316C61B13BEB000AD7195 /* ViewController.m in Sources */ = {isa = PBXBuildFile; fileRef = CB8316C51B13BEB000AD7195 /* ViewController.m */; };
		CB8316C91B13BEB000AD7195 /* Main.storyboard in Resources */ = {isa = PBXBuildFile; fileRef = CB8316C71B13BEB000AD7195 /* Main.storyboard */; };
		CB8316CB1B13BEB000AD7195 /* Images.xcassets in Resources */ = {isa = PBXBuildFile; fileRef = CB8316CA1B13BEB000AD7195 /* Images.xcassets */; };
		CB8316CE1B13BEB000AD7195 /* LaunchScreen.xib in Resources */ = {isa = PBXBuildFile; fileRef = CB8316CC1B13BEB000AD7195 /* LaunchScreen.xib */; };
		CB8316DA1B13BEB000AD7195 /* FeedbackLoopTests.m in Sources */ = {isa = PBXBuildFile; fileRef = CB8316D91B13BEB000AD7195 /* FeedbackLoopTests.m */; };
/* End PBXBuildFile section */

/* Begin PBXContainerItemProxy section */
		CB8316D41B13BEB000AD7195 /* PBXContainerItemProxy */ = {
			isa = PBXContainerItemProxy;
			containerPortal = CB8316B21B13BEB000AD7195 /* Project object */;
			proxyType = 1;
			remoteGlobalIDString = CB8316B91B13BEB000AD7195;
			remoteInfo = FeedbackLoop;
		};
/* End PBXContainerItemProxy section */

/* Begin PBXFileReference section */
		359DE61B17ADA252024FB85D /* libPods-FeedbackLoop.a */ = {isa = PBXFileReference; explicitFileType = archive.ar; includeInIndex = 0; path = "libPods-FeedbackLoop.a"; sourceTree = BUILT_PRODUCTS_DIR; };
		CB8316BA1B13BEB000AD7195 /* FeedbackLoop.app */ = {isa = PBXFileReference; explicitFileType = wrapper.application; includeInIndex = 0; path = FeedbackLoop.app; sourceTree = BUILT_PRODUCTS_DIR; };
		CB8316BE1B13BEB000AD7195 /* Info.plist */ = {isa = PBXFileReference; lastKnownFileType = text.plist.xml; path = Info.plist; sourceTree = "<group>"; };
		CB8316BF1B13BEB000AD7195 /* main.m */ = {isa = PBXFileReference; lastKnownFileType = sourcecode.c.objc; path = main.m; sourceTree = "<group>"; };
		CB8316C11B13BEB000AD7195 /* AppDelegate.h */ = {isa = PBXFileReference; lastKnownFileType = sourcecode.c.h; path = AppDelegate.h; sourceTree = "<group>"; };
		CB8316C21B13BEB000AD7195 /* AppDelegate.m */ = {isa = PBXFileReference; lastKnownFileType = sourcecode.c.objc; path = AppDelegate.m; sourceTree = "<group>"; };
		CB8316C41B13BEB000AD7195 /* ViewController.h */ = {isa = PBXFileReference; lastKnownFileType = sourcecode.c.h; path = ViewController.h; sourceTree = "<group>"; };
		CB8316C51B13BEB000AD7195 /* ViewController.m */ = {isa = PBXFileReference; lastKnownFileType = sourcecode.c.objc; path = ViewController.m; sourceTree = "<group>"; };
		CB8316C81B13BEB000AD7195 /* Base */ = {isa = PBXFileReference; lastKnownFileType = file.storyboard; name = Base; path = Base.lproj/Main.storyboard; sourceTree = "<group>"; };
		CB8316CA1B13BEB000AD7195 /* Images.xcassets */ = {isa = PBXFileReference; lastKnownFileType = folder.assetcatalog; path = Images.xcassets; sourceTree = "<group>"; };
		CB8316CD1B13BEB000AD7195 /* Base */ = {isa = PBXFileReference; lastKnownFileType = file.xib; name = Base; path = Base.lproj/LaunchScreen.xib; sourceTree = "<group>"; };
		CB8316D31B13BEB000AD7195 /* FeedbackLoopTests.xctest */ = {isa = PBXFileReference; explicitFileType = wrapper.cfbundle; includeInIndex = 0; path = FeedbackLoopTests.xctest; sourceTree = BUILT_PRODUCTS_DIR; };
		CB8316D81B13BEB000AD7195 /* Info.plist */ = {isa = PBXFileReference; lastKnownFileType = text.plist.xml; path = Info.plist; sourceTree = "<group>"; };
		CB8316D91B13BEB000AD7195 /* FeedbackLoopTests.m */ = {isa = PBXFileReference; lastKnownFileType = sourcecode.c.objc; path = FeedbackLoopTests.m; sourceTree = "<group>"; };
		D3F702287B58DF399A60D134 /* Pods-FeedbackLoop.release.xcconfig */ = {isa = PBXFileReference; includeInIndex = 1; lastKnownFileType = text.xcconfig; name = "Pods-FeedbackLoop.release.xcconfig"; path = "Pods/Target Support Files/Pods-FeedbackLoop/Pods-FeedbackLoop.release.xcconfig"; sourceTree = "<group>"; };
		E4EE4F5EF4FCB2FD16F24BD1 /* Pods-FeedbackLoop.debug.xcconfig */ = {isa = PBXFileReference; includeInIndex = 1; lastKnownFileType = text.xcconfig; name = "Pods-FeedbackLoop.debug.xcconfig"; path = "Pods/Target Support Files/Pods-FeedbackLoop/Pods-FeedbackLoop.debug.xcconfig"; sourceTree = "<group>"; };
/* End PBXFileReference section */

/* Begin PBXFrameworksBuildPhase section */
		CB8316B71B13BEB000AD7195 /* Frameworks */ = {
			isa = PBXFrameworksBuildPhase;
			buildActionMask = 2147483647;
			files = (
				C02BA9A6373CE6C512A796AF /* libPods-FeedbackLoop.a in Frameworks */,
			);
			runOnlyForDeploymentPostprocessing = 0;
		};
		CB8316D01B13BEB000AD7195 /* Frameworks */ = {
			isa = PBXFrameworksBuildPhase;
			buildActionMask = 2147483647;
			files = (
			);
			runOnlyForDeploymentPostprocessing = 0;
		};
/* End PBXFrameworksBuildPhase section */

/* Begin PBXGroup section */
		3EC1C305F3FC9FD893CF2824 /* Frameworks */ = {
			isa = PBXGroup;
			children = (
				359DE61B17ADA252024FB85D /* libPods-FeedbackLoop.a */,
			);
			name = Frameworks;
			sourceTree = "<group>";
		};
		902FD5E9D7412BD4BBE8D0CE /* Pods */ = {
			isa = PBXGroup;
			children = (
				E4EE4F5EF4FCB2FD16F24BD1 /* Pods-FeedbackLoop.debug.xcconfig */,
				D3F702287B58DF399A60D134 /* Pods-FeedbackLoop.release.xcconfig */,
			);
			name = Pods;
			sourceTree = "<group>";
		};
		CB8316B11B13BEB000AD7195 = {
			isa = PBXGroup;
			children = (
				CB8316BC1B13BEB000AD7195 /* FeedbackLoop */,
				CB8316D61B13BEB000AD7195 /* FeedbackLoopTests */,
				CB8316BB1B13BEB000AD7195 /* Products */,
				902FD5E9D7412BD4BBE8D0CE /* Pods */,
				3EC1C305F3FC9FD893CF2824 /* Frameworks */,
			);
			sourceTree = "<group>";
		};
		CB8316BB1B13BEB000AD7195 /* Products */ = {
			isa = PBXGroup;
			children = (
				CB8316BA1B13BEB000AD7195 /* FeedbackLoop.app */,
				CB8316D31B13BEB000AD7195 /* FeedbackLoopTests.xctest */,
			);
			name = Products;
			sourceTree = "<group>";
		};
		CB8316BC1B13BEB000AD7195 /* FeedbackLoop */ = {
			isa = PBXGroup;
			children = (
				CB8316C11B13BEB000AD7195 /* AppDelegate.h */,
				CB8316C21B13BEB000AD7195 /* AppDelegate.m */,
				CB8316C41B13BEB000AD7195 /* ViewController.h */,
				CB8316C51B13BEB000AD7195 /* ViewController.m */,
				CB8316C71B13BEB000AD7195 /* Main.storyboard */,
				CB8316CA1B13BEB000AD7195 /* Images.xcassets */,
				CB8316CC1B13BEB000AD7195 /* LaunchScreen.xib */,
				CB8316BD1B13BEB000AD7195 /* Supporting Files */,
			);
			path = FeedbackLoop;
			sourceTree = "<group>";
		};
		CB8316BD1B13BEB000AD7195 /* Supporting Files */ = {
			isa = PBXGroup;
			children = (
				CB8316BE1B13BEB000AD7195 /* Info.plist */,
				CB8316BF1B13BEB000AD7195 /* main.m */,
			);
			name = "Supporting Files";
			sourceTree = "<group>";
		};
		CB8316D61B13BEB000AD7195 /* FeedbackLoopTests */ = {
			isa = PBXGroup;
			children = (
				CB8316D91B13BEB000AD7195 /* FeedbackLoopTests.m */,
				CB8316D71B13BEB000AD7195 /* Supporting Files */,
			);
			path = FeedbackLoopTests;
			sourceTree = "<group>";
		};
		CB8316D71B13BEB000AD7195 /* Supporting Files */ = {
			isa = PBXGroup;
			children = (
				CB8316D81B13BEB000AD7195 /* Info.plist */,
			);
			name = "Supporting Files";
			sourceTree = "<group>";
		};
/* End PBXGroup section */

/* Begin PBXNativeTarget section */
		CB8316B91B13BEB000AD7195 /* FeedbackLoop */ = {
			isa = PBXNativeTarget;
			buildConfigurationList = CB8316DD1B13BEB000AD7195 /* Build configuration list for PBXNativeTarget "FeedbackLoop" */;
			buildPhases = (
				AAF414F92A8145FCCA97EB3A /* Check Pods Manifest.lock */,
				CB8316B61B13BEB000AD7195 /* Sources */,
				CB8316B71B13BEB000AD7195 /* Frameworks */,
				CB8316B81B13BEB000AD7195 /* Resources */,
				F63C98E377A9B5BF850ECC7F /* Copy Pods Resources */,
			);
			buildRules = (
			);
			dependencies = (
			);
			name = FeedbackLoop;
			productName = FeedbackLoop;
			productReference = CB8316BA1B13BEB000AD7195 /* FeedbackLoop.app */;
			productType = "com.apple.product-type.application";
		};
		CB8316D21B13BEB000AD7195 /* FeedbackLoopTests */ = {
			isa = PBXNativeTarget;
			buildConfigurationList = CB8316E01B13BEB000AD7195 /* Build configuration list for PBXNativeTarget "FeedbackLoopTests" */;
			buildPhases = (
				CB8316CF1B13BEB000AD7195 /* Sources */,
				CB8316D01B13BEB000AD7195 /* Frameworks */,
				CB8316D11B13BEB000AD7195 /* Resources */,
			);
			buildRules = (
			);
			dependencies = (
				CB8316D51B13BEB000AD7195 /* PBXTargetDependency */,
			);
			name = FeedbackLoopTests;
			productName = FeedbackLoopTests;
			productReference = CB8316D31B13BEB000AD7195 /* FeedbackLoopTests.xctest */;
			productType = "com.apple.product-type.bundle.unit-test";
		};
/* End PBXNativeTarget section */

/* Begin PBXProject section */
		CB8316B21B13BEB000AD7195 /* Project object */ = {
			isa = PBXProject;
			attributes = {
				LastUpgradeCheck = 0630;
				ORGANIZATIONNAME = FBL;
				TargetAttributes = {
					CB8316B91B13BEB000AD7195 = {
						CreatedOnToolsVersion = 6.3;
					};
					CB8316D21B13BEB000AD7195 = {
						CreatedOnToolsVersion = 6.3;
						TestTargetID = CB8316B91B13BEB000AD7195;
					};
				};
			};
			buildConfigurationList = CB8316B51B13BEB000AD7195 /* Build configuration list for PBXProject "FeedbackLoop" */;
			compatibilityVersion = "Xcode 3.2";
			developmentRegion = English;
			hasScannedForEncodings = 0;
			knownRegions = (
				en,
				Base,
			);
			mainGroup = CB8316B11B13BEB000AD7195;
			productRefGroup = CB8316BB1B13BEB000AD7195 /* Products */;
			projectDirPath = "";
			projectRoot = "";
			targets = (
				CB8316B91B13BEB000AD7195 /* FeedbackLoop */,
				CB8316D21B13BEB000AD7195 /* FeedbackLoopTests */,
			);
		};
/* End PBXProject section */

/* Begin PBXResourcesBuildPhase section */
		CB8316B81B13BEB000AD7195 /* Resources */ = {
			isa = PBXResourcesBuildPhase;
			buildActionMask = 2147483647;
			files = (
				CB8316C91B13BEB000AD7195 /* Main.storyboard in Resources */,
				CB8316CE1B13BEB000AD7195 /* LaunchScreen.xib in Resources */,
				CB8316CB1B13BEB000AD7195 /* Images.xcassets in Resources */,
			);
			runOnlyForDeploymentPostprocessing = 0;
		};
		CB8316D11B13BEB000AD7195 /* Resources */ = {
			isa = PBXResourcesBuildPhase;
			buildActionMask = 2147483647;
			files = (
			);
			runOnlyForDeploymentPostprocessing = 0;
		};
/* End PBXResourcesBuildPhase section */

/* Begin PBXShellScriptBuildPhase section */
		AAF414F92A8145FCCA97EB3A /* Check Pods Manifest.lock */ = {
			isa = PBXShellScriptBuildPhase;
			buildActionMask = 2147483647;
			files = (
			);
			inputPaths = (
			);
			name = "Check Pods Manifest.lock";
			outputPaths = (
			);
			runOnlyForDeploymentPostprocessing = 0;
			shellPath = /bin/sh;
			shellScript = "diff \"${PODS_ROOT}/../Podfile.lock\" \"${PODS_ROOT}/Manifest.lock\" > /dev/null\nif [[ $? != 0 ]] ; then\n    cat << EOM\nerror: The sandbox is not in sync with the Podfile.lock. Run 'pod install' or update your CocoaPods installation.\nEOM\n    exit 1\nfi\n";
			showEnvVarsInLog = 0;
		};
		F63C98E377A9B5BF850ECC7F /* Copy Pods Resources */ = {
			isa = PBXShellScriptBuildPhase;
			buildActionMask = 2147483647;
			files = (
			);
			inputPaths = (
			);
			name = "Copy Pods Resources";
			outputPaths = (
			);
			runOnlyForDeploymentPostprocessing = 0;
			shellPath = /bin/sh;
			shellScript = "\"${SRCROOT}/Pods/Target Support Files/Pods-FeedbackLoop/Pods-FeedbackLoop-resources.sh\"\n";
			showEnvVarsInLog = 0;
		};
/* End PBXShellScriptBuildPhase section */

/* Begin PBXSourcesBuildPhase section */
		CB8316B61B13BEB000AD7195 /* Sources */ = {
			isa = PBXSourcesBuildPhase;
			buildActionMask = 2147483647;
			files = (
				CB8316C61B13BEB000AD7195 /* ViewController.m in Sources */,
				CB8316C31B13BEB000AD7195 /* AppDelegate.m in Sources */,
				CB8316C01B13BEB000AD7195 /* main.m in Sources */,
			);
			runOnlyForDeploymentPostprocessing = 0;
		};
		CB8316CF1B13BEB000AD7195 /* Sources */ = {
			isa = PBXSourcesBuildPhase;
			buildActionMask = 2147483647;
			files = (
				CB8316DA1B13BEB000AD7195 /* FeedbackLoopTests.m in Sources */,
			);
			runOnlyForDeploymentPostprocessing = 0;
		};
/* End PBXSourcesBuildPhase section */

/* Begin PBXTargetDependency section */
		CB8316D51B13BEB000AD7195 /* PBXTargetDependency */ = {
			isa = PBXTargetDependency;
			target = CB8316B91B13BEB000AD7195 /* FeedbackLoop */;
			targetProxy = CB8316D41B13BEB000AD7195 /* PBXContainerItemProxy */;
		};
/* End PBXTargetDependency section */

/* Begin PBXVariantGroup section */
		CB8316C71B13BEB000AD7195 /* Main.storyboard */ = {
			isa = PBXVariantGroup;
			children = (
				CB8316C81B13BEB000AD7195 /* Base */,
			);
			name = Main.storyboard;
			sourceTree = "<group>";
		};
		CB8316CC1B13BEB000AD7195 /* LaunchScreen.xib */ = {
			isa = PBXVariantGroup;
			children = (
				CB8316CD1B13BEB000AD7195 /* Base */,
			);
			name = LaunchScreen.xib;
			sourceTree = "<group>";
		};
/* End PBXVariantGroup section */

/* Begin XCBuildConfiguration section */
		CB8316DB1B13BEB000AD7195 /* Debug */ = {
			isa = XCBuildConfiguration;
			buildSettings = {
				ALWAYS_SEARCH_USER_PATHS = NO;
				CLANG_CXX_LANGUAGE_STANDARD = "gnu++0x";
				CLANG_CXX_LIBRARY = "libc++";
				CLANG_ENABLE_MODULES = YES;
				CLANG_ENABLE_OBJC_ARC = YES;
				CLANG_WARN_BOOL_CONVERSION = YES;
				CLANG_WARN_CONSTANT_CONVERSION = YES;
				CLANG_WARN_DIRECT_OBJC_ISA_USAGE = YES_ERROR;
				CLANG_WARN_EMPTY_BODY = YES;
				CLANG_WARN_ENUM_CONVERSION = YES;
				CLANG_WARN_INT_CONVERSION = YES;
				CLANG_WARN_OBJC_ROOT_CLASS = YES_ERROR;
				CLANG_WARN_UNREACHABLE_CODE = YES;
				CLANG_WARN__DUPLICATE_METHOD_MATCH = YES;
				CODE_SIGN_IDENTITY = "iPhone Distribution: Shane Rogers";
				"CODE_SIGN_IDENTITY[sdk=iphoneos*]" = "iPhone Developer";
				COPY_PHASE_STRIP = NO;
				DEBUG_INFORMATION_FORMAT = "dwarf-with-dsym";
				ENABLE_STRICT_OBJC_MSGSEND = YES;
				GCC_C_LANGUAGE_STANDARD = gnu99;
				GCC_DYNAMIC_NO_PIC = NO;
				GCC_NO_COMMON_BLOCKS = YES;
				GCC_OPTIMIZATION_LEVEL = 0;
				GCC_PREPROCESSOR_DEFINITIONS = (
					"DEBUG=1",
					"$(inherited)",
				);
				GCC_SYMBOLS_PRIVATE_EXTERN = NO;
				GCC_WARN_64_TO_32_BIT_CONVERSION = YES;
				GCC_WARN_ABOUT_RETURN_TYPE = YES_ERROR;
				GCC_WARN_UNDECLARED_SELECTOR = YES;
				GCC_WARN_UNINITIALIZED_AUTOS = YES_AGGRESSIVE;
				GCC_WARN_UNUSED_FUNCTION = YES;
				GCC_WARN_UNUSED_VARIABLE = YES;
				IPHONEOS_DEPLOYMENT_TARGET = 8.3;
				MTL_ENABLE_DEBUG_INFO = YES;
				ONLY_ACTIVE_ARCH = YES;
				SDKROOT = iphoneos;
			};
			name = Debug;
		};
		CB8316DC1B13BEB000AD7195 /* Release */ = {
			isa = XCBuildConfiguration;
			buildSettings = {
				ALWAYS_SEARCH_USER_PATHS = NO;
				CLANG_CXX_LANGUAGE_STANDARD = "gnu++0x";
				CLANG_CXX_LIBRARY = "libc++";
				CLANG_ENABLE_MODULES = YES;
				CLANG_ENABLE_OBJC_ARC = YES;
				CLANG_WARN_BOOL_CONVERSION = YES;
				CLANG_WARN_CONSTANT_CONVERSION = YES;
				CLANG_WARN_DIRECT_OBJC_ISA_USAGE = YES_ERROR;
				CLANG_WARN_EMPTY_BODY = YES;
				CLANG_WARN_ENUM_CONVERSION = YES;
				CLANG_WARN_INT_CONVERSION = YES;
				CLANG_WARN_OBJC_ROOT_CLASS = YES_ERROR;
				CLANG_WARN_UNREACHABLE_CODE = YES;
				CLANG_WARN__DUPLICATE_METHOD_MATCH = YES;
				"CODE_SIGN_IDENTITY[sdk=iphoneos*]" = "iPhone Developer";
				COPY_PHASE_STRIP = NO;
				DEBUG_INFORMATION_FORMAT = "dwarf-with-dsym";
				ENABLE_NS_ASSERTIONS = NO;
				ENABLE_STRICT_OBJC_MSGSEND = YES;
				GCC_C_LANGUAGE_STANDARD = gnu99;
				GCC_NO_COMMON_BLOCKS = YES;
				GCC_WARN_64_TO_32_BIT_CONVERSION = YES;
				GCC_WARN_ABOUT_RETURN_TYPE = YES_ERROR;
				GCC_WARN_UNDECLARED_SELECTOR = YES;
				GCC_WARN_UNINITIALIZED_AUTOS = YES_AGGRESSIVE;
				GCC_WARN_UNUSED_FUNCTION = YES;
				GCC_WARN_UNUSED_VARIABLE = YES;
				IPHONEOS_DEPLOYMENT_TARGET = 8.3;
				MTL_ENABLE_DEBUG_INFO = NO;
				SDKROOT = iphoneos;
				VALIDATE_PRODUCT = YES;
			};
			name = Release;
		};
		CB8316DE1B13BEB000AD7195 /* Debug */ = {
			isa = XCBuildConfiguration;
			baseConfigurationReference = E4EE4F5EF4FCB2FD16F24BD1 /* Pods-FeedbackLoop.debug.xcconfig */;
			buildSettings = {
				ASSETCATALOG_COMPILER_APPICON_NAME = AppIcon;
				INFOPLIST_FILE = FeedbackLoop/Info.plist;
				LD_RUNPATH_SEARCH_PATHS = "$(inherited) @executable_path/Frameworks";
				PRODUCT_NAME = "$(TARGET_NAME)";
			};
			name = Debug;
		};
		CB8316DF1B13BEB000AD7195 /* Release */ = {
			isa = XCBuildConfiguration;
			baseConfigurationReference = D3F702287B58DF399A60D134 /* Pods-FeedbackLoop.release.xcconfig */;
			buildSettings = {
				ASSETCATALOG_COMPILER_APPICON_NAME = AppIcon;
				INFOPLIST_FILE = FeedbackLoop/Info.plist;
				LD_RUNPATH_SEARCH_PATHS = "$(inherited) @executable_path/Frameworks";
				PRODUCT_NAME = "$(TARGET_NAME)";
			};
			name = Release;
		};
		CB8316E11B13BEB000AD7195 /* Debug */ = {
			isa = XCBuildConfiguration;
			buildSettings = {
				BUNDLE_LOADER = "$(TEST_HOST)";
				FRAMEWORK_SEARCH_PATHS = (
					"$(SDKROOT)/Developer/Library/Frameworks",
					"$(inherited)",
				);
				GCC_PREPROCESSOR_DEFINITIONS = (
					"DEBUG=1",
					"$(inherited)",
				);
				INFOPLIST_FILE = FeedbackLoopTests/Info.plist;
				LD_RUNPATH_SEARCH_PATHS = "$(inherited) @executable_path/Frameworks @loader_path/Frameworks";
				PRODUCT_NAME = "$(TARGET_NAME)";
				TEST_HOST = "$(BUILT_PRODUCTS_DIR)/FeedbackLoop.app/FeedbackLoop";
			};
			name = Debug;
		};
		CB8316E21B13BEB000AD7195 /* Release */ = {
			isa = XCBuildConfiguration;
			buildSettings = {
				BUNDLE_LOADER = "$(TEST_HOST)";
				FRAMEWORK_SEARCH_PATHS = (
					"$(SDKROOT)/Developer/Library/Frameworks",
					"$(inherited)",
				);
				INFOPLIST_FILE = FeedbackLoopTests/Info.plist;
				LD_RUNPATH_SEARCH_PATHS = "$(inherited) @executable_path/Frameworks @loader_path/Frameworks";
				PRODUCT_NAME = "$(TARGET_NAME)";
				TEST_HOST = "$(BUILT_PRODUCTS_DIR)/FeedbackLoop.app/FeedbackLoop";
			};
			name = Release;
		};
/* End XCBuildConfiguration section */

/* Begin XCConfigurationList section */
		CB8316B51B13BEB000AD7195 /* Build configuration list for PBXProject "FeedbackLoop" */ = {
			isa = XCConfigurationList;
			buildConfigurations = (
				CB8316DB1B13BEB000AD7195 /* Debug */,
				CB8316DC1B13BEB000AD7195 /* Release */,
			);
			defaultConfigurationIsVisible = 0;
			defaultConfigurationName = Release;
		};
		CB8316DD1B13BEB000AD7195 /* Build configuration list for PBXNativeTarget "FeedbackLoop" */ = {
			isa = XCConfigurationList;
			buildConfigurations = (
				CB8316DE1B13BEB000AD7195 /* Debug */,
				CB8316DF1B13BEB000AD7195 /* Release */,
			);
			defaultConfigurationIsVisible = 0;
			defaultConfigurationName = Release;
		};
		CB8316E01B13BEB000AD7195 /* Build configuration list for PBXNativeTarget "FeedbackLoopTests" */ = {
			isa = XCConfigurationList;
			buildConfigurations = (
				CB8316E11B13BEB000AD7195 /* Debug */,
				CB8316E21B13BEB000AD7195 /* Release */,
			);
			defaultConfigurationIsVisible = 0;
			defaultConfigurationName = Release;
		};
/* End XCConfigurationList section */
	};
	rootObject = CB8316B21B13BEB000AD7195 /* Project object */;
}
